
Microsoft Visual Studio Solution File, Format Version 12.00
# Visual Studio 2013
VisualStudioVersion = 12.0.40629.0
MinimumVisualStudioVersion = 10.0.40219.1
Project("{8BC9CEB8-8B4A-11D0-8D11-00A0C91BC942}") = "Trabalho_Cubo_Triangulo", "Trabalho_Cubo_Triangulo\Trabalho_Cubo_Triangulo.vcxproj", "{D86BB5CC-DADC-4A55-9319-82FBD161E99A}"
EndProject
Global
	GlobalSection(SolutionConfigurationPlatforms) = preSolution
		Debug|Win32 = Debug|Win32
		Release|Win32 = Release|Win32
	EndGlobalSection
	GlobalSection(ProjectConfigurationPlatforms) = postSolution
		{D86BB5CC-DADC-4A55-9319-82FBD161E99A}.Debug|Win32.ActiveCfg = Release|Win32
		{D86BB5CC-DADC-4A55-9319-82FBD161E99A}.Release|Win32.ActiveCfg = Release|Win32
		{D86BB5CC-DADC-4A55-9319-82FBD161E99A}.Release|Win32.Build.0 = Release|Win32
	EndGlobalSection
	GlobalSection(SolutionProperties) = preSolution
		HideSolutionNode = FALSE
	EndGlobalSection
EndGlobal
